
Microsoft Visual Studio Solution File, Format Version 12.00
# Visual Studio Version 16
VisualStudioVersion = 16.0.29806.167
MinimumVisualStudioVersion = 10.0.40219.1
Project("{FAE04EC0-301F-11D3-BF4B-00C04F79EFBC}") = "200317_OnBeforeSave", "200317_OnBeforeSave\200317_OnBeforeSave.csproj", "{5AD1E2E2-C38E-4883-842A-E829BDEF5A9B}"
EndProject
Project("{2150E333-8FDC-42A3-9474-1A3956D46DE8}") = "Solution Items", "Solution Items", "{AC6FBFDB-AAC7-425B-A57B-DA173D32768E}"
	ProjectSection(SolutionItems) = preProject
		.gitignore = .gitignore
	EndProjectSection
EndProject
Project("{FAE04EC0-301F-11D3-BF4B-00C04F79EFBC}") = "200311_CheckInPolicy_Lib", "200311_CheckInPolicy_Lib\200311_CheckInPolicy_Lib.csproj", "{2B5885FB-DDBA-42A2-9B0F-22176B3FD5F9}"
EndProject
Project("{FAE04EC0-301F-11D3-BF4B-00C04F79EFBC}") = "200311_CheckInPolicy_VSIX", "200311_CheckInPolicy_VSIX\200311_CheckInPolicy_VSIX.csproj", "{579F6C90-093B-4FBB-A42B-79D7C193C99F}"
EndProject
Project("{FAE04EC0-301F-11D3-BF4B-00C04F79EFBC}") = "200324_MSDN_HightlightText", "Tests\200324_HightlightText\200324_MSDN_HightlightText.csproj", "{D835588D-3840-4BF2-9BC8-B6635ACA7B6C}"
EndProject
Project("{2150E333-8FDC-42A3-9474-1A3956D46DE8}") = "Tests", "Tests", "{84BC6C32-14A0-4B43-AD18-24CFD86E73BE}"
EndProject
Project("{FAE04EC0-301F-11D3-BF4B-00C04F79EFBC}") = "200326_MSDN_SignatureHelp", "Tests\200326_MSDN_SignatureHelp\200326_MSDN_SignatureHelp.csproj", "{D0CCECC0-5BA8-4748-BC93-637A3AF503BB}"
EndProject
Project("{FAE04EC0-301F-11D3-BF4B-00C04F79EFBC}") = "200326_OokLanguage", "Tests\200326_OokLanguage\200326_OokLanguage.csproj", "{821D8EB4-954E-4A0C-8A99-F7E37BA52EEA}"
EndProject
Project("{FAE04EC0-301F-11D3-BF4B-00C04F79EFBC}") = "200327_SyntaxHightlight_FromOok", "Tests\200327_SyntaxHightlight_FromOok\200327_SyntaxHightlight_FromOok.csproj", "{A03F0AA0-C8F4-4555-9FC6-268C29C9DEF2}"
EndProject
Project("{FAE04EC0-301F-11D3-BF4B-00C04F79EFBC}") = "000000_VSIX", "Tests\000000_VSIX\000000_VSIX.csproj", "{AC9C6DD1-FCCD-4B44-A34C-0F199C5B30B9}"
EndProject
Project("{FAE04EC0-301F-11D3-BF4B-00C04F79EFBC}") = "200328_MSDN_MarginGlyph", "Tests\200328_MSDN_MarginGlyph\200328_MSDN_MarginGlyph.csproj", "{5FB65D19-519D-41C6-81DD-2CF9C5F8582F}"
EndProject
Project("{FAE04EC0-301F-11D3-BF4B-00C04F79EFBC}") = "000000_Console", "Tests\000000_Console\000000_Console.csproj", "{8AD1F55A-FBE9-4E33-8EF0-6F9DEBBC96C9}"
EndProject
Project("{FAE04EC0-301F-11D3-BF4B-00C04F79EFBC}") = "200329_SyntaxHightLight_AZ_CommentOutTheLine", "Tests\200329_SyntaxHightLight_AZ_CommentOutTheLine\200329_SyntaxHightLight_AZ_CommentOutTheLine.csproj", "{7A0074D4-53F1-416F-96DD-803BF4246E74}"
EndProject
Project("{FAE04EC0-301F-11D3-BF4B-00C04F79EFBC}") = "200331_SyntaxHighlight", "200331_SyntaxHighlight\200331_SyntaxHighlight.csproj", "{FE54B95D-5158-4D2A-85E6-03A900E2DD7A}"
EndProject
Project("{FAE04EC0-301F-11D3-BF4B-00C04F79EFBC}") = "200401_IntellisenseCodeCompletion", "200401_IntellisenseCodeCompletion\200401_IntellisenseCodeCompletion.csproj", "{72162F88-39CD-422A-B213-80ABAA03EE4F}"
EndProject
Project("{FAE04EC0-301F-11D3-BF4B-00C04F79EFBC}") = "200401_IntellisenseCodeCompletion_FromOok", "Tests\200401_IntellisenseCodeCompletion_FromOok\200401_IntellisenseCodeCompletion_FromOok.csproj", "{208ABBB3-2018-457C-91DA-E759910DFDCF}"
EndProject
Project("{FAE04EC0-301F-11D3-BF4B-00C04F79EFBC}") = "200401_MSDN_QuickInfo", "Tests\200401_MSDN_QuickInfo\200401_MSDN_QuickInfo.csproj", "{D466C183-066A-4197-9D14-2D984A84DF72}"
EndProject
Project("{FAE04EC0-301F-11D3-BF4B-00C04F79EFBC}") = "200401_QuickInfoOnMouseHover", "200401_QuickInfoOnMouseHover\200401_QuickInfoOnMouseHover.csproj", "{011D58BA-BE86-474B-8A57-04275CADD454}"
EndProject
Project("{FAE04EC0-301F-11D3-BF4B-00C04F79EFBC}") = "200401_ItemTemplate", "Tests\200401_ItemTemplate\200401_ItemTemplate.csproj", "{C6978315-8636-4C01-A2A6-D34D6352FAFD}"
EndProject
Project("{FAE04EC0-301F-11D3-BF4B-00C04F79EFBC}") = "200402_ProjectTemplateAndItemTemplate", "200402_ProjectTemplateAndItemTemplate\200402_ProjectTemplateAndItemTemplate.csproj", "{7D3F86E5-8B1C-436E-B4B0-6F06E1E3EACA}"
EndProject
Project("{FAE04EC0-301F-11D3-BF4B-00C04F79EFBC}") = "200406_ProjectTemplate", "Tests\200406_ProjectTemplate\200406_ProjectTemplate.csproj", "{954BA263-D10F-4A57-A0DB-16352DAC9C2D}"
EndProject
Project("{FAE04EC0-301F-11D3-BF4B-00C04F79EFBC}") = "TEST", "TEST\TEST.csproj", "{59DC8218-20B1-4FF5-81F3-C272339E5F37}"
EndProject
Global
	GlobalSection(SolutionConfigurationPlatforms) = preSolution
		Debug|Any CPU = Debug|Any CPU
		Release|Any CPU = Release|Any CPU
	EndGlobalSection
	GlobalSection(ProjectConfigurationPlatforms) = postSolution
		{5AD1E2E2-C38E-4883-842A-E829BDEF5A9B}.Debug|Any CPU.ActiveCfg = Debug|Any CPU
		{5AD1E2E2-C38E-4883-842A-E829BDEF5A9B}.Debug|Any CPU.Build.0 = Debug|Any CPU
		{5AD1E2E2-C38E-4883-842A-E829BDEF5A9B}.Release|Any CPU.ActiveCfg = Release|Any CPU
		{5AD1E2E2-C38E-4883-842A-E829BDEF5A9B}.Release|Any CPU.Build.0 = Release|Any CPU
		{2B5885FB-DDBA-42A2-9B0F-22176B3FD5F9}.Debug|Any CPU.ActiveCfg = Debug|Any CPU
		{2B5885FB-DDBA-42A2-9B0F-22176B3FD5F9}.Debug|Any CPU.Build.0 = Debug|Any CPU
		{2B5885FB-DDBA-42A2-9B0F-22176B3FD5F9}.Release|Any CPU.ActiveCfg = Release|Any CPU
		{2B5885FB-DDBA-42A2-9B0F-22176B3FD5F9}.Release|Any CPU.Build.0 = Release|Any CPU
		{579F6C90-093B-4FBB-A42B-79D7C193C99F}.Debug|Any CPU.ActiveCfg = Debug|Any CPU
		{579F6C90-093B-4FBB-A42B-79D7C193C99F}.Debug|Any CPU.Build.0 = Debug|Any CPU
		{579F6C90-093B-4FBB-A42B-79D7C193C99F}.Release|Any CPU.ActiveCfg = Release|Any CPU
		{579F6C90-093B-4FBB-A42B-79D7C193C99F}.Release|Any CPU.Build.0 = Release|Any CPU
		{D835588D-3840-4BF2-9BC8-B6635ACA7B6C}.Debug|Any CPU.ActiveCfg = Debug|Any CPU
		{D835588D-3840-4BF2-9BC8-B6635ACA7B6C}.Debug|Any CPU.Build.0 = Debug|Any CPU
		{D835588D-3840-4BF2-9BC8-B6635ACA7B6C}.Release|Any CPU.ActiveCfg = Release|Any CPU
		{D835588D-3840-4BF2-9BC8-B6635ACA7B6C}.Release|Any CPU.Build.0 = Release|Any CPU
		{D0CCECC0-5BA8-4748-BC93-637A3AF503BB}.Debug|Any CPU.ActiveCfg = Debug|Any CPU
		{D0CCECC0-5BA8-4748-BC93-637A3AF503BB}.Debug|Any CPU.Build.0 = Debug|Any CPU
		{D0CCECC0-5BA8-4748-BC93-637A3AF503BB}.Release|Any CPU.ActiveCfg = Release|Any CPU
		{D0CCECC0-5BA8-4748-BC93-637A3AF503BB}.Release|Any CPU.Build.0 = Release|Any CPU
		{821D8EB4-954E-4A0C-8A99-F7E37BA52EEA}.Debug|Any CPU.ActiveCfg = Debug|Any CPU
		{821D8EB4-954E-4A0C-8A99-F7E37BA52EEA}.Debug|Any CPU.Build.0 = Debug|Any CPU
		{821D8EB4-954E-4A0C-8A99-F7E37BA52EEA}.Release|Any CPU.ActiveCfg = Release|Any CPU
		{821D8EB4-954E-4A0C-8A99-F7E37BA52EEA}.Release|Any CPU.Build.0 = Release|Any CPU
		{A03F0AA0-C8F4-4555-9FC6-268C29C9DEF2}.Debug|Any CPU.ActiveCfg = Debug|Any CPU
		{A03F0AA0-C8F4-4555-9FC6-268C29C9DEF2}.Debug|Any CPU.Build.0 = Debug|Any CPU
		{A03F0AA0-C8F4-4555-9FC6-268C29C9DEF2}.Release|Any CPU.ActiveCfg = Release|Any CPU
		{A03F0AA0-C8F4-4555-9FC6-268C29C9DEF2}.Release|Any CPU.Build.0 = Release|Any CPU
		{AC9C6DD1-FCCD-4B44-A34C-0F199C5B30B9}.Debug|Any CPU.ActiveCfg = Debug|Any CPU
		{AC9C6DD1-FCCD-4B44-A34C-0F199C5B30B9}.Debug|Any CPU.Build.0 = Debug|Any CPU
		{AC9C6DD1-FCCD-4B44-A34C-0F199C5B30B9}.Release|Any CPU.ActiveCfg = Release|Any CPU
		{AC9C6DD1-FCCD-4B44-A34C-0F199C5B30B9}.Release|Any CPU.Build.0 = Release|Any CPU
		{5FB65D19-519D-41C6-81DD-2CF9C5F8582F}.Debug|Any CPU.ActiveCfg = Debug|Any CPU
		{5FB65D19-519D-41C6-81DD-2CF9C5F8582F}.Debug|Any CPU.Build.0 = Debug|Any CPU
		{5FB65D19-519D-41C6-81DD-2CF9C5F8582F}.Release|Any CPU.ActiveCfg = Release|Any CPU
		{5FB65D19-519D-41C6-81DD-2CF9C5F8582F}.Release|Any CPU.Build.0 = Release|Any CPU
		{8AD1F55A-FBE9-4E33-8EF0-6F9DEBBC96C9}.Debug|Any CPU.ActiveCfg = Debug|Any CPU
		{8AD1F55A-FBE9-4E33-8EF0-6F9DEBBC96C9}.Debug|Any CPU.Build.0 = Debug|Any CPU
		{8AD1F55A-FBE9-4E33-8EF0-6F9DEBBC96C9}.Release|Any CPU.ActiveCfg = Release|Any CPU
		{8AD1F55A-FBE9-4E33-8EF0-6F9DEBBC96C9}.Release|Any CPU.Build.0 = Release|Any CPU
		{7A0074D4-53F1-416F-96DD-803BF4246E74}.Debug|Any CPU.ActiveCfg = Debug|Any CPU
		{7A0074D4-53F1-416F-96DD-803BF4246E74}.Debug|Any CPU.Build.0 = Debug|Any CPU
		{7A0074D4-53F1-416F-96DD-803BF4246E74}.Release|Any CPU.ActiveCfg = Release|Any CPU
		{7A0074D4-53F1-416F-96DD-803BF4246E74}.Release|Any CPU.Build.0 = Release|Any CPU
		{FE54B95D-5158-4D2A-85E6-03A900E2DD7A}.Debug|Any CPU.ActiveCfg = Debug|Any CPU
		{FE54B95D-5158-4D2A-85E6-03A900E2DD7A}.Debug|Any CPU.Build.0 = Debug|Any CPU
		{FE54B95D-5158-4D2A-85E6-03A900E2DD7A}.Release|Any CPU.ActiveCfg = Release|Any CPU
		{FE54B95D-5158-4D2A-85E6-03A900E2DD7A}.Release|Any CPU.Build.0 = Release|Any CPU
		{72162F88-39CD-422A-B213-80ABAA03EE4F}.Debug|Any CPU.ActiveCfg = Debug|Any CPU
		{72162F88-39CD-422A-B213-80ABAA03EE4F}.Debug|Any CPU.Build.0 = Debug|Any CPU
		{72162F88-39CD-422A-B213-80ABAA03EE4F}.Release|Any CPU.ActiveCfg = Release|Any CPU
		{72162F88-39CD-422A-B213-80ABAA03EE4F}.Release|Any CPU.Build.0 = Release|Any CPU
		{208ABBB3-2018-457C-91DA-E759910DFDCF}.Debug|Any CPU.ActiveCfg = Debug|Any CPU
		{208ABBB3-2018-457C-91DA-E759910DFDCF}.Debug|Any CPU.Build.0 = Debug|Any CPU
		{208ABBB3-2018-457C-91DA-E759910DFDCF}.Release|Any CPU.ActiveCfg = Release|Any CPU
		{208ABBB3-2018-457C-91DA-E759910DFDCF}.Release|Any CPU.Build.0 = Release|Any CPU
		{D466C183-066A-4197-9D14-2D984A84DF72}.Debug|Any CPU.ActiveCfg = Debug|Any CPU
		{D466C183-066A-4197-9D14-2D984A84DF72}.Debug|Any CPU.Build.0 = Debug|Any CPU
		{D466C183-066A-4197-9D14-2D984A84DF72}.Release|Any CPU.ActiveCfg = Release|Any CPU
		{D466C183-066A-4197-9D14-2D984A84DF72}.Release|Any CPU.Build.0 = Release|Any CPU
		{011D58BA-BE86-474B-8A57-04275CADD454}.Debug|Any CPU.ActiveCfg = Debug|Any CPU
		{011D58BA-BE86-474B-8A57-04275CADD454}.Debug|Any CPU.Build.0 = Debug|Any CPU
		{011D58BA-BE86-474B-8A57-04275CADD454}.Release|Any CPU.ActiveCfg = Release|Any CPU
		{011D58BA-BE86-474B-8A57-04275CADD454}.Release|Any CPU.Build.0 = Release|Any CPU
		{C6978315-8636-4C01-A2A6-D34D6352FAFD}.Debug|Any CPU.ActiveCfg = Debug|Any CPU
		{C6978315-8636-4C01-A2A6-D34D6352FAFD}.Debug|Any CPU.Build.0 = Debug|Any CPU
		{C6978315-8636-4C01-A2A6-D34D6352FAFD}.Release|Any CPU.ActiveCfg = Release|Any CPU
		{C6978315-8636-4C01-A2A6-D34D6352FAFD}.Release|Any CPU.Build.0 = Release|Any CPU
		{7D3F86E5-8B1C-436E-B4B0-6F06E1E3EACA}.Debug|Any CPU.ActiveCfg = Debug|Any CPU
		{7D3F86E5-8B1C-436E-B4B0-6F06E1E3EACA}.Debug|Any CPU.Build.0 = Debug|Any CPU
		{7D3F86E5-8B1C-436E-B4B0-6F06E1E3EACA}.Release|Any CPU.ActiveCfg = Release|Any CPU
		{7D3F86E5-8B1C-436E-B4B0-6F06E1E3EACA}.Release|Any CPU.Build.0 = Release|Any CPU
		{954BA263-D10F-4A57-A0DB-16352DAC9C2D}.Debug|Any CPU.ActiveCfg = Debug|Any CPU
		{954BA263-D10F-4A57-A0DB-16352DAC9C2D}.Debug|Any CPU.Build.0 = Debug|Any CPU
		{954BA263-D10F-4A57-A0DB-16352DAC9C2D}.Release|Any CPU.ActiveCfg = Release|Any CPU
		{954BA263-D10F-4A57-A0DB-16352DAC9C2D}.Release|Any CPU.Build.0 = Release|Any CPU
		{59DC8218-20B1-4FF5-81F3-C272339E5F37}.Debug|Any CPU.ActiveCfg = Debug|Any CPU
		{59DC8218-20B1-4FF5-81F3-C272339E5F37}.Debug|Any CPU.Build.0 = Debug|Any CPU
		{59DC8218-20B1-4FF5-81F3-C272339E5F37}.Release|Any CPU.ActiveCfg = Release|Any CPU
		{59DC8218-20B1-4FF5-81F3-C272339E5F37}.Release|Any CPU.Build.0 = Release|Any CPU
	EndGlobalSection
	GlobalSection(SolutionProperties) = preSolution
		HideSolutionNode = FALSE
	EndGlobalSection
	GlobalSection(NestedProjects) = preSolution
		{D835588D-3840-4BF2-9BC8-B6635ACA7B6C} = {84BC6C32-14A0-4B43-AD18-24CFD86E73BE}
		{D0CCECC0-5BA8-4748-BC93-637A3AF503BB} = {84BC6C32-14A0-4B43-AD18-24CFD86E73BE}
		{821D8EB4-954E-4A0C-8A99-F7E37BA52EEA} = {84BC6C32-14A0-4B43-AD18-24CFD86E73BE}
		{A03F0AA0-C8F4-4555-9FC6-268C29C9DEF2} = {84BC6C32-14A0-4B43-AD18-24CFD86E73BE}
		{AC9C6DD1-FCCD-4B44-A34C-0F199C5B30B9} = {84BC6C32-14A0-4B43-AD18-24CFD86E73BE}
		{5FB65D19-519D-41C6-81DD-2CF9C5F8582F} = {84BC6C32-14A0-4B43-AD18-24CFD86E73BE}
		{8AD1F55A-FBE9-4E33-8EF0-6F9DEBBC96C9} = {84BC6C32-14A0-4B43-AD18-24CFD86E73BE}
		{7A0074D4-53F1-416F-96DD-803BF4246E74} = {84BC6C32-14A0-4B43-AD18-24CFD86E73BE}
		{208ABBB3-2018-457C-91DA-E759910DFDCF} = {84BC6C32-14A0-4B43-AD18-24CFD86E73BE}
		{D466C183-066A-4197-9D14-2D984A84DF72} = {84BC6C32-14A0-4B43-AD18-24CFD86E73BE}
		{C6978315-8636-4C01-A2A6-D34D6352FAFD} = {84BC6C32-14A0-4B43-AD18-24CFD86E73BE}
		{954BA263-D10F-4A57-A0DB-16352DAC9C2D} = {84BC6C32-14A0-4B43-AD18-24CFD86E73BE}
	EndGlobalSection
	GlobalSection(ExtensibilityGlobals) = postSolution
		SolutionGuid = {0A3D4320-331B-41E1-81E4-42FC240A5890}
	EndGlobalSection
EndGlobal
